<Solution>
  <Project Path="01 Sjökorts-koordinaterna/01 Sjökorts-koordinaterna.csproj" />
  <Project Path="02 Passageraröversikten (ändra värden i en matris)/02 Passageraröversikten (ändra värden i en matris).csproj" />
  <Project Path="03 Temperaturloggen för frysfacken/03 Temperaturloggen för frysfacken.csproj" />
  <Project Path="04 Sektionslager på kajen (Radsummering)/04 Sektionslager på kajen (Radsummering).csproj" />
  <Project Path="05 Hamnens Jagged Array/05 Hamnens Jagged Array.csproj" />
  <Project Path="06 Radaravsökning (Söka efter specifika tecken)/06 Radaravsökning (Söka efter specifika tecken).csproj" />
  <Project Path="07 Containerterminalen (Nästlad utskrift med snygg formatering)/07 Containerterminalen (Nästlad utskrift med snygg formatering).csproj" />
  <Project Path="08 Lastbilskön vid tullen (med Jagged Array)/08 Lastbilskön vid tullen (med Jagged Array).csproj" />
  <Project Path="09 Logistikrutten/09 Logistikrutten.csproj" />
  <Project Path="10 Skattjakten (Användarinmatning mot matris)/10 Skattjakten (Användarinmatning mot matris).csproj" />
</Solution>
