<Solution>
  <Project Path="01 Sjökorts-koordinaterna/01 Sjökorts-koordinaterna.csproj" />
  <Project Path="02 Passageraröversikten (ändra värden i en matris)/02 Passageraröversikten (ändra värden i en matris).csproj" />
  <Project Path="03 Temperaturloggen för frysfacken/03 Temperaturloggen för frysfacken.csproj" />
</Solution>
